github.com/dancsecs/szlog v0.0.15 h1:UfsUNpONT+QkXc9S2qKQAqCpmhEkkhCIvUxF72AOGfo=
github.com/dancsecs/szlog v0.0.15/go.mod h1:GVZocTbWOaKf8DpExv4YHYpbMBh3lmdxW/RcHLQx3/g=
github.com/dancsecs/sztest v0.1.7 h1:se+e5k/XCszKIjA2E7EVccfjlbyw0rqhAm/Gw93Qf6A=
github.com/dancsecs/sztest v0.1.7/go.mod h1:3j1h9eWcBMjCAVUZ4MoI/Y/wSVgMAIQPwqiKmK6jmmo=
golang.org/x/text v0.28.0 h1:rhazDwis8INMIwQ4tpjLDzUhx6RlXqZNPEM0huQojng=
golang.org/x/text v0.28.0/go.mod h1:U8nCwOR8jO/marOQ0QbDiOngZVEBB7MAiitBuMjXiNU=
