github.com/dancsecs/szlog v0.0.4 h1:DhwnBwTFfUQ7oE9t+m1mW7mau656MjxCtKsH7A2Fu2w=
github.com/dancsecs/szlog v0.0.4/go.mod h1:u2qOiJ2PV9O71dIe4qwv+LbwDCgK7BeLSnBqYPUHBxI=
github.com/dancsecs/szlog v0.0.5 h1:/+oiAyKBBcQqNglDCVI08NzcRarNOk38pbY3ycMowAE=
github.com/dancsecs/szlog v0.0.5/go.mod h1:78xi9HhFTk9BdS/9WbweCcm37mB3u/xC+KgG2gbfvcI=
github.com/dancsecs/sztest v0.1.4 h1:UhkgHDbpruw+iZD35z9wZFzR9SiB/AVy7ABqkxpHmjk=
github.com/dancsecs/sztest v0.1.4/go.mod h1:3j1h9eWcBMjCAVUZ4MoI/Y/wSVgMAIQPwqiKmK6jmmo=
github.com/dancsecs/sztest v0.1.5 h1:A2q2tVE72FN7rPUqqhH7CuUJ2m+o+nvI8iZQWYDxmM8=
github.com/dancsecs/sztest v0.1.5/go.mod h1:3j1h9eWcBMjCAVUZ4MoI/Y/wSVgMAIQPwqiKmK6jmmo=
golang.org/x/text v0.28.0 h1:rhazDwis8INMIwQ4tpjLDzUhx6RlXqZNPEM0huQojng=
golang.org/x/text v0.28.0/go.mod h1:U8nCwOR8jO/marOQ0QbDiOngZVEBB7MAiitBuMjXiNU=
